
Microsoft Visual Studio Solution File, Format Version 12.00
# Visual Studio Version 16
VisualStudioVersion = 16.0.32428.249
MinimumVisualStudioVersion = 10.0.40219.1
Project("{FAE04EC0-301F-11D3-BF4B-00C04F79EFBC}") = "ECommerce.Api.Products", "ECommerce.Api.Products\ECommerce.Api.Products.csproj", "{C235388B-B774-4EF1-8A20-B428AC122AB8}"
EndProject
Project("{FAE04EC0-301F-11D3-BF4B-00C04F79EFBC}") = "ECommerce.Api.Orders", "ECommerce.Api.Orders\ECommerce.Api.Orders.csproj", "{9F9A5E95-6464-4B67-A920-727A82BB37E1}"
EndProject
Project("{FAE04EC0-301F-11D3-BF4B-00C04F79EFBC}") = "ECommerce.Api.Customers", "ECommerce.Api.Customers\ECommerce.Api.Customers.csproj", "{F2BBE88A-D256-4D2A-A312-927A7144CDD0}"
EndProject
Project("{FAE04EC0-301F-11D3-BF4B-00C04F79EFBC}") = "ECommerce.Api.Search", "ECommerce.Api.Search\ECommerce.Api.Search.csproj", "{207920A6-C218-4DBC-8E0F-70308A4E8C3B}"
EndProject
Global
	GlobalSection(SolutionConfigurationPlatforms) = preSolution
		Debug|Any CPU = Debug|Any CPU
		Release|Any CPU = Release|Any CPU
	EndGlobalSection
	GlobalSection(ProjectConfigurationPlatforms) = postSolution
		{C235388B-B774-4EF1-8A20-B428AC122AB8}.Debug|Any CPU.ActiveCfg = Debug|Any CPU
		{C235388B-B774-4EF1-8A20-B428AC122AB8}.Debug|Any CPU.Build.0 = Debug|Any CPU
		{C235388B-B774-4EF1-8A20-B428AC122AB8}.Release|Any CPU.ActiveCfg = Release|Any CPU
		{C235388B-B774-4EF1-8A20-B428AC122AB8}.Release|Any CPU.Build.0 = Release|Any CPU
		{9F9A5E95-6464-4B67-A920-727A82BB37E1}.Debug|Any CPU.ActiveCfg = Debug|Any CPU
		{9F9A5E95-6464-4B67-A920-727A82BB37E1}.Debug|Any CPU.Build.0 = Debug|Any CPU
		{9F9A5E95-6464-4B67-A920-727A82BB37E1}.Release|Any CPU.ActiveCfg = Release|Any CPU
		{9F9A5E95-6464-4B67-A920-727A82BB37E1}.Release|Any CPU.Build.0 = Release|Any CPU
		{F2BBE88A-D256-4D2A-A312-927A7144CDD0}.Debug|Any CPU.ActiveCfg = Debug|Any CPU
		{F2BBE88A-D256-4D2A-A312-927A7144CDD0}.Debug|Any CPU.Build.0 = Debug|Any CPU
		{F2BBE88A-D256-4D2A-A312-927A7144CDD0}.Release|Any CPU.ActiveCfg = Release|Any CPU
		{F2BBE88A-D256-4D2A-A312-927A7144CDD0}.Release|Any CPU.Build.0 = Release|Any CPU
		{207920A6-C218-4DBC-8E0F-70308A4E8C3B}.Debug|Any CPU.ActiveCfg = Debug|Any CPU
		{207920A6-C218-4DBC-8E0F-70308A4E8C3B}.Debug|Any CPU.Build.0 = Debug|Any CPU
		{207920A6-C218-4DBC-8E0F-70308A4E8C3B}.Release|Any CPU.ActiveCfg = Release|Any CPU
		{207920A6-C218-4DBC-8E0F-70308A4E8C3B}.Release|Any CPU.Build.0 = Release|Any CPU
	EndGlobalSection
	GlobalSection(SolutionProperties) = preSolution
		HideSolutionNode = FALSE
	EndGlobalSection
	GlobalSection(ExtensibilityGlobals) = postSolution
		SolutionGuid = {FA1245EA-5EBC-4F89-B351-1402AA5F06E0}
	EndGlobalSection
EndGlobal
